
Microsoft Visual Studio Solution File, Format Version 12.00
# Visual Studio Version 16
VisualStudioVersion = 16.0.31727.386
MinimumVisualStudioVersion = 10.0.40219.1
Project("{8BC9CEB8-8B4A-11D0-8D11-00A0C91BC942}") = "ALL_BUILD", "ALL_BUILD.vcxproj", "{9C12CC85-FC7F-3F17-9C48-78F6C03B38A9}"
	ProjectSection(ProjectDependencies) = postProject
		{22C091DE-FD3B-3A17-B7BF-0C182297814C} = {22C091DE-FD3B-3A17-B7BF-0C182297814C}
		{6CDF55DA-9C36-3AC2-88C7-BCCAA9C38052} = {6CDF55DA-9C36-3AC2-88C7-BCCAA9C38052}
		{03095ABF-C9B9-3F21-9EA6-60133D3DB8BD} = {03095ABF-C9B9-3F21-9EA6-60133D3DB8BD}
		{399925A4-5A60-38C9-878A-9A5B48853200} = {399925A4-5A60-38C9-878A-9A5B48853200}
		{2833D348-5A15-3520-B4BA-2903A7FF65E5} = {2833D348-5A15-3520-B4BA-2903A7FF65E5}
	EndProjectSection
EndProject
Project("{8BC9CEB8-8B4A-11D0-8D11-00A0C91BC942}") = "INSTALL", "INSTALL.vcxproj", "{A98FE24E-75EE-3462-9706-3480402C80AC}"
	ProjectSection(ProjectDependencies) = postProject
		{9C12CC85-FC7F-3F17-9C48-78F6C03B38A9} = {9C12CC85-FC7F-3F17-9C48-78F6C03B38A9}
		{22C091DE-FD3B-3A17-B7BF-0C182297814C} = {22C091DE-FD3B-3A17-B7BF-0C182297814C}
	EndProjectSection
EndProject
Project("{8BC9CEB8-8B4A-11D0-8D11-00A0C91BC942}") = "ZERO_CHECK", "ZERO_CHECK.vcxproj", "{22C091DE-FD3B-3A17-B7BF-0C182297814C}"
EndProject
Project("{8BC9CEB8-8B4A-11D0-8D11-00A0C91BC942}") = "qbt_app", "src\app\qbt_app.vcxproj", "{6CDF55DA-9C36-3AC2-88C7-BCCAA9C38052}"
	ProjectSection(ProjectDependencies) = postProject
		{22C091DE-FD3B-3A17-B7BF-0C182297814C} = {22C091DE-FD3B-3A17-B7BF-0C182297814C}
		{03095ABF-C9B9-3F21-9EA6-60133D3DB8BD} = {03095ABF-C9B9-3F21-9EA6-60133D3DB8BD}
		{399925A4-5A60-38C9-878A-9A5B48853200} = {399925A4-5A60-38C9-878A-9A5B48853200}
		{2833D348-5A15-3520-B4BA-2903A7FF65E5} = {2833D348-5A15-3520-B4BA-2903A7FF65E5}
	EndProjectSection
EndProject
Project("{8BC9CEB8-8B4A-11D0-8D11-00A0C91BC942}") = "qbt_base", "src\base\qbt_base.vcxproj", "{03095ABF-C9B9-3F21-9EA6-60133D3DB8BD}"
	ProjectSection(ProjectDependencies) = postProject
		{22C091DE-FD3B-3A17-B7BF-0C182297814C} = {22C091DE-FD3B-3A17-B7BF-0C182297814C}
	EndProjectSection
EndProject
Project("{8BC9CEB8-8B4A-11D0-8D11-00A0C91BC942}") = "qbt_gui", "src\gui\qbt_gui.vcxproj", "{399925A4-5A60-38C9-878A-9A5B48853200}"
	ProjectSection(ProjectDependencies) = postProject
		{22C091DE-FD3B-3A17-B7BF-0C182297814C} = {22C091DE-FD3B-3A17-B7BF-0C182297814C}
		{03095ABF-C9B9-3F21-9EA6-60133D3DB8BD} = {03095ABF-C9B9-3F21-9EA6-60133D3DB8BD}
	EndProjectSection
EndProject
Project("{8BC9CEB8-8B4A-11D0-8D11-00A0C91BC942}") = "qbt_webui", "src\webui\qbt_webui.vcxproj", "{2833D348-5A15-3520-B4BA-2903A7FF65E5}"
	ProjectSection(ProjectDependencies) = postProject
		{22C091DE-FD3B-3A17-B7BF-0C182297814C} = {22C091DE-FD3B-3A17-B7BF-0C182297814C}
		{03095ABF-C9B9-3F21-9EA6-60133D3DB8BD} = {03095ABF-C9B9-3F21-9EA6-60133D3DB8BD}
	EndProjectSection
EndProject
Global
	GlobalSection(SolutionConfigurationPlatforms) = preSolution
		Debug|Win32 = Debug|Win32
		Debug|x64 = Debug|x64
		Debug|x86 = Debug|x86
		MinSizeRel|Win32 = MinSizeRel|Win32
		MinSizeRel|x64 = MinSizeRel|x64
		MinSizeRel|x86 = MinSizeRel|x86
		Release|Win32 = Release|Win32
		Release|x64 = Release|x64
		Release|x86 = Release|x86
		RelWithDebInfo|Win32 = RelWithDebInfo|Win32
		RelWithDebInfo|x64 = RelWithDebInfo|x64
		RelWithDebInfo|x86 = RelWithDebInfo|x86
	EndGlobalSection
	GlobalSection(ProjectConfigurationPlatforms) = postSolution
		{9C12CC85-FC7F-3F17-9C48-78F6C03B38A9}.Debug|Win32.ActiveCfg = Debug|Win32
		{9C12CC85-FC7F-3F17-9C48-78F6C03B38A9}.Debug|Win32.Build.0 = Debug|Win32
		{9C12CC85-FC7F-3F17-9C48-78F6C03B38A9}.Debug|x64.ActiveCfg = Debug|x64
		{9C12CC85-FC7F-3F17-9C48-78F6C03B38A9}.Debug|x64.Build.0 = Debug|x64
		{9C12CC85-FC7F-3F17-9C48-78F6C03B38A9}.Debug|x86.ActiveCfg = Debug|Win32
		{9C12CC85-FC7F-3F17-9C48-78F6C03B38A9}.Debug|x86.Build.0 = Debug|Win32
		{9C12CC85-FC7F-3F17-9C48-78F6C03B38A9}.MinSizeRel|Win32.ActiveCfg = MinSizeRel|Win32
		{9C12CC85-FC7F-3F17-9C48-78F6C03B38A9}.MinSizeRel|Win32.Build.0 = MinSizeRel|Win32
		{9C12CC85-FC7F-3F17-9C48-78F6C03B38A9}.MinSizeRel|x64.ActiveCfg = MinSizeRel|x64
		{9C12CC85-FC7F-3F17-9C48-78F6C03B38A9}.MinSizeRel|x64.Build.0 = MinSizeRel|x64
		{9C12CC85-FC7F-3F17-9C48-78F6C03B38A9}.MinSizeRel|x86.ActiveCfg = MinSizeRel|Win32
		{9C12CC85-FC7F-3F17-9C48-78F6C03B38A9}.MinSizeRel|x86.Build.0 = MinSizeRel|Win32
		{9C12CC85-FC7F-3F17-9C48-78F6C03B38A9}.Release|Win32.ActiveCfg = Release|Win32
		{9C12CC85-FC7F-3F17-9C48-78F6C03B38A9}.Release|Win32.Build.0 = Release|Win32
		{9C12CC85-FC7F-3F17-9C48-78F6C03B38A9}.Release|x64.ActiveCfg = Release|x64
		{9C12CC85-FC7F-3F17-9C48-78F6C03B38A9}.Release|x64.Build.0 = Release|x64
		{9C12CC85-FC7F-3F17-9C48-78F6C03B38A9}.Release|x86.ActiveCfg = Release|Win32
		{9C12CC85-FC7F-3F17-9C48-78F6C03B38A9}.Release|x86.Build.0 = Release|Win32
		{9C12CC85-FC7F-3F17-9C48-78F6C03B38A9}.RelWithDebInfo|Win32.ActiveCfg = RelWithDebInfo|Win32
		{9C12CC85-FC7F-3F17-9C48-78F6C03B38A9}.RelWithDebInfo|Win32.Build.0 = RelWithDebInfo|Win32
		{9C12CC85-FC7F-3F17-9C48-78F6C03B38A9}.RelWithDebInfo|x64.ActiveCfg = RelWithDebInfo|x64
		{9C12CC85-FC7F-3F17-9C48-78F6C03B38A9}.RelWithDebInfo|x64.Build.0 = RelWithDebInfo|x64
		{9C12CC85-FC7F-3F17-9C48-78F6C03B38A9}.RelWithDebInfo|x86.ActiveCfg = RelWithDebInfo|Win32
		{9C12CC85-FC7F-3F17-9C48-78F6C03B38A9}.RelWithDebInfo|x86.Build.0 = RelWithDebInfo|Win32
		{A98FE24E-75EE-3462-9706-3480402C80AC}.Debug|Win32.ActiveCfg = Debug|Win32
		{A98FE24E-75EE-3462-9706-3480402C80AC}.Debug|x64.ActiveCfg = Debug|x64
		{A98FE24E-75EE-3462-9706-3480402C80AC}.Debug|x86.ActiveCfg = Debug|Win32
		{A98FE24E-75EE-3462-9706-3480402C80AC}.MinSizeRel|Win32.ActiveCfg = MinSizeRel|Win32
		{A98FE24E-75EE-3462-9706-3480402C80AC}.MinSizeRel|Win32.Build.0 = MinSizeRel|Win32
		{A98FE24E-75EE-3462-9706-3480402C80AC}.MinSizeRel|x64.ActiveCfg = MinSizeRel|x64
		{A98FE24E-75EE-3462-9706-3480402C80AC}.MinSizeRel|x86.ActiveCfg = MinSizeRel|Win32
		{A98FE24E-75EE-3462-9706-3480402C80AC}.Release|Win32.ActiveCfg = Release|Win32
		{A98FE24E-75EE-3462-9706-3480402C80AC}.Release|Win32.Build.0 = Release|Win32
		{A98FE24E-75EE-3462-9706-3480402C80AC}.Release|x64.ActiveCfg = Release|x64
		{A98FE24E-75EE-3462-9706-3480402C80AC}.Release|x86.ActiveCfg = Release|Win32
		{A98FE24E-75EE-3462-9706-3480402C80AC}.RelWithDebInfo|Win32.ActiveCfg = RelWithDebInfo|Win32
		{A98FE24E-75EE-3462-9706-3480402C80AC}.RelWithDebInfo|Win32.Build.0 = RelWithDebInfo|Win32
		{A98FE24E-75EE-3462-9706-3480402C80AC}.RelWithDebInfo|x64.ActiveCfg = RelWithDebInfo|x64
		{A98FE24E-75EE-3462-9706-3480402C80AC}.RelWithDebInfo|x86.ActiveCfg = RelWithDebInfo|Win32
		{22C091DE-FD3B-3A17-B7BF-0C182297814C}.Debug|Win32.ActiveCfg = Debug|Win32
		{22C091DE-FD3B-3A17-B7BF-0C182297814C}.Debug|Win32.Build.0 = Debug|Win32
		{22C091DE-FD3B-3A17-B7BF-0C182297814C}.Debug|x64.ActiveCfg = Debug|x64
		{22C091DE-FD3B-3A17-B7BF-0C182297814C}.Debug|x64.Build.0 = Debug|x64
		{22C091DE-FD3B-3A17-B7BF-0C182297814C}.Debug|x86.ActiveCfg = Debug|Win32
		{22C091DE-FD3B-3A17-B7BF-0C182297814C}.Debug|x86.Build.0 = Debug|Win32
		{22C091DE-FD3B-3A17-B7BF-0C182297814C}.MinSizeRel|Win32.ActiveCfg = MinSizeRel|Win32
		{22C091DE-FD3B-3A17-B7BF-0C182297814C}.MinSizeRel|Win32.Build.0 = MinSizeRel|Win32
		{22C091DE-FD3B-3A17-B7BF-0C182297814C}.MinSizeRel|x64.ActiveCfg = MinSizeRel|x64
		{22C091DE-FD3B-3A17-B7BF-0C182297814C}.MinSizeRel|x64.Build.0 = MinSizeRel|x64
		{22C091DE-FD3B-3A17-B7BF-0C182297814C}.MinSizeRel|x86.ActiveCfg = MinSizeRel|Win32
		{22C091DE-FD3B-3A17-B7BF-0C182297814C}.MinSizeRel|x86.Build.0 = MinSizeRel|Win32
		{22C091DE-FD3B-3A17-B7BF-0C182297814C}.Release|Win32.ActiveCfg = Release|Win32
		{22C091DE-FD3B-3A17-B7BF-0C182297814C}.Release|Win32.Build.0 = Release|Win32
		{22C091DE-FD3B-3A17-B7BF-0C182297814C}.Release|x64.ActiveCfg = Release|x64
		{22C091DE-FD3B-3A17-B7BF-0C182297814C}.Release|x64.Build.0 = Release|x64
		{22C091DE-FD3B-3A17-B7BF-0C182297814C}.Release|x86.ActiveCfg = Release|Win32
		{22C091DE-FD3B-3A17-B7BF-0C182297814C}.Release|x86.Build.0 = Release|Win32
		{22C091DE-FD3B-3A17-B7BF-0C182297814C}.RelWithDebInfo|Win32.ActiveCfg = RelWithDebInfo|Win32
		{22C091DE-FD3B-3A17-B7BF-0C182297814C}.RelWithDebInfo|Win32.Build.0 = RelWithDebInfo|Win32
		{22C091DE-FD3B-3A17-B7BF-0C182297814C}.RelWithDebInfo|x64.ActiveCfg = RelWithDebInfo|x64
		{22C091DE-FD3B-3A17-B7BF-0C182297814C}.RelWithDebInfo|x64.Build.0 = RelWithDebInfo|x64
		{22C091DE-FD3B-3A17-B7BF-0C182297814C}.RelWithDebInfo|x86.ActiveCfg = RelWithDebInfo|Win32
		{22C091DE-FD3B-3A17-B7BF-0C182297814C}.RelWithDebInfo|x86.Build.0 = RelWithDebInfo|Win32
		{6CDF55DA-9C36-3AC2-88C7-BCCAA9C38052}.Debug|Win32.ActiveCfg = Debug|Win32
		{6CDF55DA-9C36-3AC2-88C7-BCCAA9C38052}.Debug|Win32.Build.0 = Debug|Win32
		{6CDF55DA-9C36-3AC2-88C7-BCCAA9C38052}.Debug|x64.ActiveCfg = Debug|x64
		{6CDF55DA-9C36-3AC2-88C7-BCCAA9C38052}.Debug|x64.Build.0 = Debug|x64
		{6CDF55DA-9C36-3AC2-88C7-BCCAA9C38052}.Debug|x86.ActiveCfg = Debug|Win32
		{6CDF55DA-9C36-3AC2-88C7-BCCAA9C38052}.Debug|x86.Build.0 = Debug|Win32
		{6CDF55DA-9C36-3AC2-88C7-BCCAA9C38052}.MinSizeRel|Win32.ActiveCfg = MinSizeRel|Win32
		{6CDF55DA-9C36-3AC2-88C7-BCCAA9C38052}.MinSizeRel|Win32.Build.0 = MinSizeRel|Win32
		{6CDF55DA-9C36-3AC2-88C7-BCCAA9C38052}.MinSizeRel|x64.ActiveCfg = MinSizeRel|x64
		{6CDF55DA-9C36-3AC2-88C7-BCCAA9C38052}.MinSizeRel|x64.Build.0 = MinSizeRel|x64
		{6CDF55DA-9C36-3AC2-88C7-BCCAA9C38052}.MinSizeRel|x86.ActiveCfg = MinSizeRel|Win32
		{6CDF55DA-9C36-3AC2-88C7-BCCAA9C38052}.MinSizeRel|x86.Build.0 = MinSizeRel|Win32
		{6CDF55DA-9C36-3AC2-88C7-BCCAA9C38052}.Release|Win32.ActiveCfg = Release|Win32
		{6CDF55DA-9C36-3AC2-88C7-BCCAA9C38052}.Release|Win32.Build.0 = Release|Win32
		{6CDF55DA-9C36-3AC2-88C7-BCCAA9C38052}.Release|x64.ActiveCfg = Release|x64
		{6CDF55DA-9C36-3AC2-88C7-BCCAA9C38052}.Release|x64.Build.0 = Release|x64
		{6CDF55DA-9C36-3AC2-88C7-BCCAA9C38052}.Release|x86.ActiveCfg = Release|Win32
		{6CDF55DA-9C36-3AC2-88C7-BCCAA9C38052}.Release|x86.Build.0 = Release|Win32
		{6CDF55DA-9C36-3AC2-88C7-BCCAA9C38052}.RelWithDebInfo|Win32.ActiveCfg = RelWithDebInfo|Win32
		{6CDF55DA-9C36-3AC2-88C7-BCCAA9C38052}.RelWithDebInfo|Win32.Build.0 = RelWithDebInfo|Win32
		{6CDF55DA-9C36-3AC2-88C7-BCCAA9C38052}.RelWithDebInfo|x64.ActiveCfg = RelWithDebInfo|x64
		{6CDF55DA-9C36-3AC2-88C7-BCCAA9C38052}.RelWithDebInfo|x64.Build.0 = RelWithDebInfo|x64
		{6CDF55DA-9C36-3AC2-88C7-BCCAA9C38052}.RelWithDebInfo|x86.ActiveCfg = RelWithDebInfo|Win32
		{6CDF55DA-9C36-3AC2-88C7-BCCAA9C38052}.RelWithDebInfo|x86.Build.0 = RelWithDebInfo|Win32
		{03095ABF-C9B9-3F21-9EA6-60133D3DB8BD}.Debug|Win32.ActiveCfg = Debug|Win32
		{03095ABF-C9B9-3F21-9EA6-60133D3DB8BD}.Debug|Win32.Build.0 = Debug|Win32
		{03095ABF-C9B9-3F21-9EA6-60133D3DB8BD}.Debug|x64.ActiveCfg = Debug|x64
		{03095ABF-C9B9-3F21-9EA6-60133D3DB8BD}.Debug|x64.Build.0 = Debug|x64
		{03095ABF-C9B9-3F21-9EA6-60133D3DB8BD}.Debug|x86.ActiveCfg = Debug|Win32
		{03095ABF-C9B9-3F21-9EA6-60133D3DB8BD}.Debug|x86.Build.0 = Debug|Win32
		{03095ABF-C9B9-3F21-9EA6-60133D3DB8BD}.MinSizeRel|Win32.ActiveCfg = MinSizeRel|Win32
		{03095ABF-C9B9-3F21-9EA6-60133D3DB8BD}.MinSizeRel|Win32.Build.0 = MinSizeRel|Win32
		{03095ABF-C9B9-3F21-9EA6-60133D3DB8BD}.MinSizeRel|x64.ActiveCfg = MinSizeRel|x64
		{03095ABF-C9B9-3F21-9EA6-60133D3DB8BD}.MinSizeRel|x64.Build.0 = MinSizeRel|x64
		{03095ABF-C9B9-3F21-9EA6-60133D3DB8BD}.MinSizeRel|x86.ActiveCfg = MinSizeRel|Win32
		{03095ABF-C9B9-3F21-9EA6-60133D3DB8BD}.MinSizeRel|x86.Build.0 = MinSizeRel|Win32
		{03095ABF-C9B9-3F21-9EA6-60133D3DB8BD}.Release|Win32.ActiveCfg = Release|Win32
		{03095ABF-C9B9-3F21-9EA6-60133D3DB8BD}.Release|Win32.Build.0 = Release|Win32
		{03095ABF-C9B9-3F21-9EA6-60133D3DB8BD}.Release|x64.ActiveCfg = Release|x64
		{03095ABF-C9B9-3F21-9EA6-60133D3DB8BD}.Release|x64.Build.0 = Release|x64
		{03095ABF-C9B9-3F21-9EA6-60133D3DB8BD}.Release|x86.ActiveCfg = Release|Win32
		{03095ABF-C9B9-3F21-9EA6-60133D3DB8BD}.Release|x86.Build.0 = Release|Win32
		{03095ABF-C9B9-3F21-9EA6-60133D3DB8BD}.RelWithDebInfo|Win32.ActiveCfg = RelWithDebInfo|Win32
		{03095ABF-C9B9-3F21-9EA6-60133D3DB8BD}.RelWithDebInfo|Win32.Build.0 = RelWithDebInfo|Win32
		{03095ABF-C9B9-3F21-9EA6-60133D3DB8BD}.RelWithDebInfo|x64.ActiveCfg = RelWithDebInfo|x64
		{03095ABF-C9B9-3F21-9EA6-60133D3DB8BD}.RelWithDebInfo|x64.Build.0 = RelWithDebInfo|x64
		{03095ABF-C9B9-3F21-9EA6-60133D3DB8BD}.RelWithDebInfo|x86.ActiveCfg = RelWithDebInfo|Win32
		{03095ABF-C9B9-3F21-9EA6-60133D3DB8BD}.RelWithDebInfo|x86.Build.0 = RelWithDebInfo|Win32
		{399925A4-5A60-38C9-878A-9A5B48853200}.Debug|Win32.ActiveCfg = Debug|Win32
		{399925A4-5A60-38C9-878A-9A5B48853200}.Debug|Win32.Build.0 = Debug|Win32
		{399925A4-5A60-38C9-878A-9A5B48853200}.Debug|x64.ActiveCfg = Debug|x64
		{399925A4-5A60-38C9-878A-9A5B48853200}.Debug|x64.Build.0 = Debug|x64
		{399925A4-5A60-38C9-878A-9A5B48853200}.Debug|x86.ActiveCfg = Debug|Win32
		{399925A4-5A60-38C9-878A-9A5B48853200}.Debug|x86.Build.0 = Debug|Win32
		{399925A4-5A60-38C9-878A-9A5B48853200}.MinSizeRel|Win32.ActiveCfg = MinSizeRel|Win32
		{399925A4-5A60-38C9-878A-9A5B48853200}.MinSizeRel|Win32.Build.0 = MinSizeRel|Win32
		{399925A4-5A60-38C9-878A-9A5B48853200}.MinSizeRel|x64.ActiveCfg = MinSizeRel|x64
		{399925A4-5A60-38C9-878A-9A5B48853200}.MinSizeRel|x64.Build.0 = MinSizeRel|x64
		{399925A4-5A60-38C9-878A-9A5B48853200}.MinSizeRel|x86.ActiveCfg = MinSizeRel|Win32
		{399925A4-5A60-38C9-878A-9A5B48853200}.MinSizeRel|x86.Build.0 = MinSizeRel|Win32
		{399925A4-5A60-38C9-878A-9A5B48853200}.Release|Win32.ActiveCfg = Release|Win32
		{399925A4-5A60-38C9-878A-9A5B48853200}.Release|Win32.Build.0 = Release|Win32
		{399925A4-5A60-38C9-878A-9A5B48853200}.Release|x64.ActiveCfg = Release|x64
		{399925A4-5A60-38C9-878A-9A5B48853200}.Release|x64.Build.0 = Release|x64
		{399925A4-5A60-38C9-878A-9A5B48853200}.Release|x86.ActiveCfg = Release|Win32
		{399925A4-5A60-38C9-878A-9A5B48853200}.Release|x86.Build.0 = Release|Win32
		{399925A4-5A60-38C9-878A-9A5B48853200}.RelWithDebInfo|Win32.ActiveCfg = RelWithDebInfo|Win32
		{399925A4-5A60-38C9-878A-9A5B48853200}.RelWithDebInfo|Win32.Build.0 = RelWithDebInfo|Win32
		{399925A4-5A60-38C9-878A-9A5B48853200}.RelWithDebInfo|x64.ActiveCfg = RelWithDebInfo|x64
		{399925A4-5A60-38C9-878A-9A5B48853200}.RelWithDebInfo|x64.Build.0 = RelWithDebInfo|x64
		{399925A4-5A60-38C9-878A-9A5B48853200}.RelWithDebInfo|x86.ActiveCfg = RelWithDebInfo|Win32
		{399925A4-5A60-38C9-878A-9A5B48853200}.RelWithDebInfo|x86.Build.0 = RelWithDebInfo|Win32
		{2833D348-5A15-3520-B4BA-2903A7FF65E5}.Debug|Win32.ActiveCfg = Debug|Win32
		{2833D348-5A15-3520-B4BA-2903A7FF65E5}.Debug|Win32.Build.0 = Debug|Win32
		{2833D348-5A15-3520-B4BA-2903A7FF65E5}.Debug|x64.ActiveCfg = Debug|x64
		{2833D348-5A15-3520-B4BA-2903A7FF65E5}.Debug|x64.Build.0 = Debug|x64
		{2833D348-5A15-3520-B4BA-2903A7FF65E5}.Debug|x86.ActiveCfg = Debug|Win32
		{2833D348-5A15-3520-B4BA-2903A7FF65E5}.Debug|x86.Build.0 = Debug|Win32
		{2833D348-5A15-3520-B4BA-2903A7FF65E5}.MinSizeRel|Win32.ActiveCfg = MinSizeRel|Win32
		{2833D348-5A15-3520-B4BA-2903A7FF65E5}.MinSizeRel|Win32.Build.0 = MinSizeRel|Win32
		{2833D348-5A15-3520-B4BA-2903A7FF65E5}.MinSizeRel|x64.ActiveCfg = MinSizeRel|x64
		{2833D348-5A15-3520-B4BA-2903A7FF65E5}.MinSizeRel|x64.Build.0 = MinSizeRel|x64
		{2833D348-5A15-3520-B4BA-2903A7FF65E5}.MinSizeRel|x86.ActiveCfg = MinSizeRel|Win32
		{2833D348-5A15-3520-B4BA-2903A7FF65E5}.MinSizeRel|x86.Build.0 = MinSizeRel|Win32
		{2833D348-5A15-3520-B4BA-2903A7FF65E5}.Release|Win32.ActiveCfg = Release|Win32
		{2833D348-5A15-3520-B4BA-2903A7FF65E5}.Release|Win32.Build.0 = Release|Win32
		{2833D348-5A15-3520-B4BA-2903A7FF65E5}.Release|x64.ActiveCfg = Release|x64
		{2833D348-5A15-3520-B4BA-2903A7FF65E5}.Release|x64.Build.0 = Release|x64
		{2833D348-5A15-3520-B4BA-2903A7FF65E5}.Release|x86.ActiveCfg = Release|Win32
		{2833D348-5A15-3520-B4BA-2903A7FF65E5}.Release|x86.Build.0 = Release|Win32
		{2833D348-5A15-3520-B4BA-2903A7FF65E5}.RelWithDebInfo|Win32.ActiveCfg = RelWithDebInfo|Win32
		{2833D348-5A15-3520-B4BA-2903A7FF65E5}.RelWithDebInfo|Win32.Build.0 = RelWithDebInfo|Win32
		{2833D348-5A15-3520-B4BA-2903A7FF65E5}.RelWithDebInfo|x64.ActiveCfg = RelWithDebInfo|x64
		{2833D348-5A15-3520-B4BA-2903A7FF65E5}.RelWithDebInfo|x64.Build.0 = RelWithDebInfo|x64
		{2833D348-5A15-3520-B4BA-2903A7FF65E5}.RelWithDebInfo|x86.ActiveCfg = RelWithDebInfo|Win32
		{2833D348-5A15-3520-B4BA-2903A7FF65E5}.RelWithDebInfo|x86.Build.0 = RelWithDebInfo|Win32
	EndGlobalSection
	GlobalSection(SolutionProperties) = preSolution
		HideSolutionNode = FALSE
	EndGlobalSection
	GlobalSection(ExtensibilityGlobals) = postSolution
		SolutionGuid = {104A6819-FCA8-38AC-A747-3F25BAA12CBD}
	EndGlobalSection
EndGlobal
